
Microsoft Visual Studio Solution File, Format Version 12.00
# Visual Studio Version 17
VisualStudioVersion = 17.3.32929.385
MinimumVisualStudioVersion = 10.0.40219.1
Project("{FAE04EC0-301F-11D3-BF4B-00C04F79EFBC}") = "TechEleconWebApp1", "TechEleconWebApp1\TechEleconWebApp1.csproj", "{3ABD3875-EB62-4606-93A9-2370774A582A}"
EndProject
Global
	GlobalSection(SolutionConfigurationPlatforms) = preSolution
		Debug|Any CPU = Debug|Any CPU
		Release|Any CPU = Release|Any CPU
	EndGlobalSection
	GlobalSection(ProjectConfigurationPlatforms) = postSolution
		{3ABD3875-EB62-4606-93A9-2370774A582A}.Debug|Any CPU.ActiveCfg = Debug|Any CPU
		{3ABD3875-EB62-4606-93A9-2370774A582A}.Debug|Any CPU.Build.0 = Debug|Any CPU
		{3ABD3875-EB62-4606-93A9-2370774A582A}.Release|Any CPU.ActiveCfg = Release|Any CPU
		{3ABD3875-EB62-4606-93A9-2370774A582A}.Release|Any CPU.Build.0 = Release|Any CPU
	EndGlobalSection
	GlobalSection(SolutionProperties) = preSolution
		HideSolutionNode = FALSE
	EndGlobalSection
	GlobalSection(ExtensibilityGlobals) = postSolution
		SolutionGuid = {A511F205-EE97-4EEE-90DD-3D394685F269}
	EndGlobalSection
EndGlobal
